
Microsoft Visual Studio Solution File, Format Version 12.00
Project("{FAE04EC0-301F-11D3-BF4B-00C04F79EFBC}") = "FileChangeMonitor", "FileChangeMonitor\FileChangeMonitor.csproj", "{D994650B-D79B-41D8-9093-12A2A1C84729}"
EndProject
Global
	GlobalSection(SolutionConfigurationPlatforms) = preSolution
		Debug|Any CPU = Debug|Any CPU
		Release|Any CPU = Release|Any CPU
	EndGlobalSection
	GlobalSection(ProjectConfigurationPlatforms) = postSolution
		{D994650B-D79B-41D8-9093-12A2A1C84729}.Debug|Any CPU.ActiveCfg = Debug|Any CPU
		{D994650B-D79B-41D8-9093-12A2A1C84729}.Debug|Any CPU.Build.0 = Debug|Any CPU
		{D994650B-D79B-41D8-9093-12A2A1C84729}.Release|Any CPU.ActiveCfg = Release|Any CPU
		{D994650B-D79B-41D8-9093-12A2A1C84729}.Release|Any CPU.Build.0 = Release|Any CPU
	EndGlobalSection
EndGlobal
